<?xml version="1.0" encoding="utf-8"?>
<Project ToolsVersion="4.0" xmlns="http://schemas.microsoft.com/developer/msbuild/2003">
  <ItemGroup>
    <Filter Include="Source_files">
      <UniqueIdentifier>{4FC737F1-C7A5-4376-A066-2A32D752A2FF}</UniqueIdentifier>
      <Extensions>cpp;c;cxx;def;odl;idl;hpj;bat;asm;asmx</Extensions>
    </Filter>
    <Filter Include="Source_files\basics">
      <UniqueIdentifier>{0018ab19-458f-455d-aa3d-4ca92b3e71de}</UniqueIdentifier>
    </Filter>
    <Filter Include="Source_files\dialogs">
      <UniqueIdentifier>{071adc09-88d0-43a4-b74d-8f2c206da6a1}</UniqueIdentifier>
    </Filter>
    <Filter Include="Source_files\pixelsources">
      <UniqueIdentifier>{aea839f1-18cb-495a-a445-e107e1b7988a}</UniqueIdentifier>
    </Filter>
    <Filter Include="Source_files\effects">
      <UniqueIdentifier>{abd67fe9-782b-406f-9dbb-1238f05b9640}</UniqueIdentifier>
    </Filter>
    <Filter Include="Source_files\settings">
      <UniqueIdentifier>{c9dbe22e-30b9-47ff-a295-d9053e03245b}</UniqueIdentifier>
    </Filter>
    <Filter Include="Source_files\devices">
      <UniqueIdentifier>{ce39401f-3426-4ea6-a7ec-f236f06e5c5b}</UniqueIdentifier>
    </Filter>
    <Filter Include="Source_files\tinyxml">
      <UniqueIdentifier>{b44941e3-72a9-4961-a44d-edbf15067228}</UniqueIdentifier>
    </Filter>
    <Filter Include="Source_files\language">
      <UniqueIdentifier>{5c1afb89-1b35-40ba-b1ea-7c9fc27f4107}</UniqueIdentifier>
    </Filter>
    <Filter Include="Header_files">
      <UniqueIdentifier>{93995380-89BD-4b04-88EB-625FBE52EBFB}</UniqueIdentifier>
      <Extensions>h;hpp;hxx;hm;inl;inc;xsd</Extensions>
    </Filter>
    <Filter Include="Header_files\devices">
      <UniqueIdentifier>{7ff3e89d-66a4-413a-866a-562c1490c7f8}</UniqueIdentifier>
    </Filter>
    <Filter Include="Header_files\basics">
      <UniqueIdentifier>{2449eb5d-7a6c-4e14-9baa-5c9d2f02601f}</UniqueIdentifier>
    </Filter>
    <Filter Include="Header_files\dialogs">
      <UniqueIdentifier>{e61a2c55-8cdf-4e56-8690-da92aa83eeba}</UniqueIdentifier>
    </Filter>
    <Filter Include="Header_files\pixelsources">
      <UniqueIdentifier>{cc98b184-e38c-4859-94d3-782eeb52445a}</UniqueIdentifier>
    </Filter>
    <Filter Include="Header_files\effects">
      <UniqueIdentifier>{f1f15b97-c8c3-4a54-a227-3ac8a3ff56f1}</UniqueIdentifier>
    </Filter>
    <Filter Include="Header_files\settings">
      <UniqueIdentifier>{b8b3f07d-99ec-40cc-a911-dbd9bad2415b}</UniqueIdentifier>
    </Filter>
    <Filter Include="Header_files\tinyxml">
      <UniqueIdentifier>{6f8feb5d-923a-4b9d-8bc7-f850d2a5454e}</UniqueIdentifier>
    </Filter>
    <Filter Include="Header_files\language">
      <UniqueIdentifier>{cd27c6ea-eb6e-4bb0-854c-932e4447ce1b}</UniqueIdentifier>
    </Filter>
    <Filter Include="Ressource_files">
      <UniqueIdentifier>{67DA6AB6-F800-4c08-8B7A-83BB121AAD01}</UniqueIdentifier>
      <Extensions>rc;ico;cur;bmp;dlg;rc2;rct;bin;rgs;gif;jpg;jpeg;jpe;resx</Extensions>
    </Filter>
    <Filter Include="Ressource_files\Quelldateien">
      <UniqueIdentifier>{88ffdced-9b9e-4f8b-aa1e-56796636add4}</UniqueIdentifier>
    </Filter>
  </ItemGroup>
  <ItemGroup>
    <ClCompile Include="AtmoRes.cpp">
      <Filter>Source_files</Filter>
    </ClCompile>
    <ClCompile Include="AtmoTools.cpp">
      <Filter>Source_files</Filter>
    </ClCompile>
    <ClCompile Include="AtmoWin_i.c">
      <Filter>Source_files</Filter>
    </ClCompile>
    <ClCompile Include="AtmoWinA.cpp">
      <Filter>Source_files</Filter>
    </ClCompile>
    <ClCompile Include="AtmoWinTrayIconHandler.cpp">
      <Filter>Source_files</Filter>
    </ClCompile>
    <ClCompile Include="DmxTools.cpp">
      <Filter>Source_files</Filter>
    </ClCompile>
    <ClCompile Include="stdafx.cpp">
      <Filter>Source_files</Filter>
    </ClCompile>
    <ClCompile Include="AtmoRegistry.cpp">
      <Filter>Source_files\basics</Filter>
    </ClCompile>
    <ClCompile Include="AtmoThread.cpp">
      <Filter>Source_files\basics</Filter>
    </ClCompile>
    <ClCompile Include="BasicDialog.cpp">
      <Filter>Source_files\basics</Filter>
    </ClCompile>
    <ClCompile Include="BasicWindow.cpp">
      <Filter>Source_files\basics</Filter>
    </ClCompile>
    <ClCompile Include="AtmoClassicConfigDialog.cpp">
      <Filter>Source_files\dialogs</Filter>
    </ClCompile>
    <ClCompile Include="AtmoColorPicker.cpp">
      <Filter>Source_files\dialogs</Filter>
    </ClCompile>
    <ClCompile Include="AtmoCustomColorPicker.cpp">
      <Filter>Source_files\dialogs</Filter>
    </ClCompile>
    <ClCompile Include="AtmoEditChannelAssignment.cpp">
      <Filter>Source_files\dialogs</Filter>
    </ClCompile>
    <ClCompile Include="AtmoGradients.cpp">
      <Filter>Source_files\dialogs</Filter>
    </ClCompile>
    <ClCompile Include="AtmoMultiConfigDialog.cpp">
      <Filter>Source_files\dialogs</Filter>
    </ClCompile>
    <ClCompile Include="AtmoSettingsDialog.cpp">
      <Filter>Source_files\dialogs</Filter>
    </ClCompile>
    <ClCompile Include="AtmoWhiteAdjHW.cpp">
      <Filter>Source_files\dialogs</Filter>
    </ClCompile>
    <ClCompile Include="AtmoWhiteSetup.cpp">
      <Filter>Source_files\dialogs</Filter>
    </ClCompile>
    <ClCompile Include="DmxConfigDialog.cpp">
      <Filter>Source_files\dialogs</Filter>
    </ClCompile>
    <ClCompile Include="FnordlichtConfigDialog.cpp">
      <Filter>Source_files\dialogs</Filter>
    </ClCompile>
    <ClCompile Include="InfoDialog.cpp">
      <Filter>Source_files\dialogs</Filter>
    </ClCompile>
    <ClCompile Include="MoMoConfigDialog.cpp">
      <Filter>Source_files\dialogs</Filter>
    </ClCompile>
    <ClCompile Include="AtmoCalculations.cpp">
      <Filter>Source_files\pixelsources</Filter>
    </ClCompile>
    <ClCompile Include="AtmoExternalCaptureInput.cpp">
      <Filter>Source_files\pixelsources</Filter>
    </ClCompile>
    <ClCompile Include="AtmoGdiDisplayCaptureInput.cpp">
      <Filter>Source_files\pixelsources</Filter>
    </ClCompile>
    <ClCompile Include="AtmoInput.cpp">
      <Filter>Source_files\pixelsources</Filter>
    </ClCompile>
    <ClCompile Include="AtmoBasicEffect.cpp">
      <Filter>Source_files\effects</Filter>
    </ClCompile>
    <ClCompile Include="AtmoColorChanger.cpp">
      <Filter>Source_files\effects</Filter>
    </ClCompile>
    <ClCompile Include="AtmoLeftRightColorChanger.cpp">
      <Filter>Source_files\effects</Filter>
    </ClCompile>
    <ClCompile Include="AtmoLiveView.cpp">
      <Filter>Source_files\effects</Filter>
    </ClCompile>
    <ClCompile Include="AtmoLiveViewControlImpl.cpp">
      <Filter>Source_files\effects</Filter>
    </ClCompile>
    <ClCompile Include="AtmoOutputFilter.cpp">
      <Filter>Source_files\effects</Filter>
    </ClCompile>
    <ClCompile Include="AtmoPacketQueue.cpp">
      <Filter>Source_files\effects</Filter>
    </ClCompile>
    <ClCompile Include="AtmoPacketQueueStatus.cpp">
      <Filter>Source_files\effects</Filter>
    </ClCompile>
    <ClCompile Include="AtmoRemoteControlImplEx.cpp">
      <Filter>Source_files\effects</Filter>
    </ClCompile>
    <ClCompile Include="AtmoChannelAssignment.cpp">
      <Filter>Source_files\settings</Filter>
    </ClCompile>
    <ClCompile Include="AtmoComRegistry.cpp">
      <Filter>Source_files\settings</Filter>
    </ClCompile>
    <ClCompile Include="AtmoConfig.cpp">
      <Filter>Source_files\settings</Filter>
    </ClCompile>
    <ClCompile Include="AtmoDisplays.cpp">
      <Filter>Source_files\settings</Filter>
    </ClCompile>
    <ClCompile Include="AtmoDynData.cpp">
      <Filter>Source_files\settings</Filter>
    </ClCompile>
    <ClCompile Include="AtmoZoneDefinition.cpp">
      <Filter>Source_files\settings</Filter>
    </ClCompile>
    <ClCompile Include="AtmoClassicConnection.cpp">
      <Filter>Source_files\devices</Filter>
    </ClCompile>
    <ClCompile Include="AtmoConnection.cpp">
      <Filter>Source_files\devices</Filter>
    </ClCompile>
    <ClCompile Include="AtmoDmxSerialConnection.cpp">
      <Filter>Source_files\devices</Filter>
    </ClCompile>
    <ClCompile Include="AtmoDummyConnection.cpp">
      <Filter>Source_files\devices</Filter>
    </ClCompile>
    <ClCompile Include="AtmoEntecSerialConnection.cpp">
      <Filter>Source_files\devices</Filter>
    </ClCompile>
    <ClCompile Include="AtmoMultiConnection.cpp">
      <Filter>Source_files\devices</Filter>
    </ClCompile>
    <ClCompile Include="AtmoNulConnection.cpp">
      <Filter>Source_files\devices</Filter>
    </ClCompile>
    <ClCompile Include="FnordlichtConnection.cpp">
      <Filter>Source_files\devices</Filter>
    </ClCompile>
    <ClCompile Include="MoMoConnection.cpp">
      <Filter>Source_files\devices</Filter>
    </ClCompile>
    <ClCompile Include="MondolightConnection.cpp">
      <Filter>Source_files\devices</Filter>
    </ClCompile>
    <ClCompile Include="Language.cpp">
      <Filter>Source_files\language</Filter>
    </ClCompile>
    <ClCompile Include="AtmoXMLConfig.cpp">
      <Filter>Source_files\settings</Filter>
    </ClCompile>
    <ClCompile Include="tinystr.cpp">
      <Filter>Source_files\tinyxml</Filter>
    </ClCompile>
    <ClCompile Include="tinyxml.cpp">
      <Filter>Source_files\tinyxml</Filter>
    </ClCompile>
    <ClCompile Include="tinyxmlerror.cpp">
      <Filter>Source_files\tinyxml</Filter>
    </ClCompile>
    <ClCompile Include="tinyxmlparser.cpp">
      <Filter>Source_files\tinyxml</Filter>
    </ClCompile>
    <ClCompile Include="ObjectModel.cpp">
      <Filter>Source_files\settings</Filter>
    </ClCompile>
    <ClCompile Include="AtmoDesktopDuplicationCaptureInput.cpp">
      <Filter>Source_files\pixelsources</Filter>
    </ClCompile>
    <ClCompile Include="AtmoDuinoV2ConfigDialog.cpp">
      <Filter>Source_files\dialogs</Filter>
    </ClCompile>
    <ClCompile Include="AtmoDuinoV2Connection.cpp">
      <Filter>Source_files\devices</Filter>
    </ClCompile>
  </ItemGroup>
  <ItemGroup>
    <Midl Include="AtmoWin.idl">
      <Filter>Source_files</Filter>
    </Midl>
  </ItemGroup>
  <ItemGroup>
    <ClInclude Include="AtmoCtrlMessages.h">
      <Filter>Header_files</Filter>
    </ClInclude>
    <ClInclude Include="AtmoDefs.h">
      <Filter>Header_files</Filter>
    </ClInclude>
    <ClInclude Include="AtmoRes.h">
      <Filter>Header_files</Filter>
    </ClInclude>
    <ClInclude Include="AtmoTools.h">
      <Filter>Header_files</Filter>
    </ClInclude>
    <ClInclude Include="AtmoWinA.h">
      <Filter>Header_files</Filter>
    </ClInclude>
    <ClInclude Include="AtmoWinTrayIconHandler.h">
      <Filter>Header_files</Filter>
    </ClInclude>
    <ClInclude Include="DmxTools.h">
      <Filter>Header_files</Filter>
    </ClInclude>
    <ClInclude Include="Resource.h">
      <Filter>Header_files</Filter>
    </ClInclude>
    <ClInclude Include="stdafx.h">
      <Filter>Header_files</Filter>
    </ClInclude>
    <ClInclude Include="AtmoClassicConnection.h">
      <Filter>Header_files\devices</Filter>
    </ClInclude>
    <ClInclude Include="AtmoConnection.h">
      <Filter>Header_files\devices</Filter>
    </ClInclude>
    <ClInclude Include="AtmoDmxSerialConnection.h">
      <Filter>Header_files\devices</Filter>
    </ClInclude>
    <ClInclude Include="AtmoDummyConnection.h">
      <Filter>Header_files\devices</Filter>
    </ClInclude>
    <ClInclude Include="AtmoEntecSerialConnection.h">
      <Filter>Header_files\devices</Filter>
    </ClInclude>
    <ClInclude Include="AtmoMultiConnection.h">
      <Filter>Header_files\devices</Filter>
    </ClInclude>
    <ClInclude Include="AtmoNulConnection.h">
      <Filter>Header_files\devices</Filter>
    </ClInclude>
    <ClInclude Include="FnordlichtConnection.h">
      <Filter>Header_files\devices</Filter>
    </ClInclude>
    <ClInclude Include="MoMoConnection.h">
      <Filter>Header_files\devices</Filter>
    </ClInclude>
    <ClInclude Include="MondolightConnection.h">
      <Filter>Header_files\devices</Filter>
    </ClInclude>
    <ClInclude Include="AtmoRegistry.h">
      <Filter>Header_files\basics</Filter>
    </ClInclude>
    <ClInclude Include="AtmoThread.h">
      <Filter>Header_files\basics</Filter>
    </ClInclude>
    <ClInclude Include="BasicDialog.h">
      <Filter>Header_files\basics</Filter>
    </ClInclude>
    <ClInclude Include="BasicWindow.h">
      <Filter>Header_files\basics</Filter>
    </ClInclude>
    <ClInclude Include="AtmoClassicConfigDialog.h">
      <Filter>Header_files\dialogs</Filter>
    </ClInclude>
    <ClInclude Include="AtmoColorPicker.h">
      <Filter>Header_files\dialogs</Filter>
    </ClInclude>
    <ClInclude Include="AtmoCustomColorPicker.h">
      <Filter>Header_files\dialogs</Filter>
    </ClInclude>
    <ClInclude Include="AtmoEditChannelAssignment.h">
      <Filter>Header_files\dialogs</Filter>
    </ClInclude>
    <ClInclude Include="AtmoGradients.h">
      <Filter>Header_files\dialogs</Filter>
    </ClInclude>
    <ClInclude Include="AtmoMultiConfigDialog.h">
      <Filter>Header_files\dialogs</Filter>
    </ClInclude>
    <ClInclude Include="AtmoSettingsDialog.h">
      <Filter>Header_files\dialogs</Filter>
    </ClInclude>
    <ClInclude Include="AtmoWhiteAdjHW.h">
      <Filter>Header_files\dialogs</Filter>
    </ClInclude>
    <ClInclude Include="AtmoWhiteSetup.h">
      <Filter>Header_files\dialogs</Filter>
    </ClInclude>
    <ClInclude Include="DmxConfigDialog.h">
      <Filter>Header_files\dialogs</Filter>
    </ClInclude>
    <ClInclude Include="FnordlichtConfigDialog.h">
      <Filter>Header_files\dialogs</Filter>
    </ClInclude>
    <ClInclude Include="InfoDialog.h">
      <Filter>Header_files\dialogs</Filter>
    </ClInclude>
    <ClInclude Include="MoMoConfigDialog.h">
      <Filter>Header_files\dialogs</Filter>
    </ClInclude>
    <ClInclude Include="AtmoCalculations.h">
      <Filter>Header_files\pixelsources</Filter>
    </ClInclude>
    <ClInclude Include="AtmoExternalCaptureInput.h">
      <Filter>Header_files\pixelsources</Filter>
    </ClInclude>
    <ClInclude Include="AtmoGdiDisplayCaptureInput.h">
      <Filter>Header_files\pixelsources</Filter>
    </ClInclude>
    <ClInclude Include="AtmoInput.h">
      <Filter>Header_files\pixelsources</Filter>
    </ClInclude>
    <ClInclude Include="AtmoBasicEffect.h">
      <Filter>Header_files\effects</Filter>
    </ClInclude>
    <ClInclude Include="AtmoColorChanger.h">
      <Filter>Header_files\effects</Filter>
    </ClInclude>
    <ClInclude Include="AtmoLeftRightColorChanger.h">
      <Filter>Header_files\effects</Filter>
    </ClInclude>
    <ClInclude Include="AtmoLiveView.h">
      <Filter>Header_files\effects</Filter>
    </ClInclude>
    <ClInclude Include="AtmoLiveViewControlImpl.h">
      <Filter>Header_files\effects</Filter>
    </ClInclude>
    <ClInclude Include="AtmoOutputFilter.h">
      <Filter>Header_files\effects</Filter>
    </ClInclude>
    <ClInclude Include="AtmoPacketQueue.h">
      <Filter>Header_files\effects</Filter>
    </ClInclude>
    <ClInclude Include="AtmoPacketQueueStatus.h">
      <Filter>Header_files\effects</Filter>
    </ClInclude>
    <ClInclude Include="AtmoRemoteControlImplEx.h">
      <Filter>Header_files\effects</Filter>
    </ClInclude>
    <ClInclude Include="AtmoChannelAssignment.h">
      <Filter>Header_files\settings</Filter>
    </ClInclude>
    <ClInclude Include="AtmoComRegistry.h">
      <Filter>Header_files\settings</Filter>
    </ClInclude>
    <ClInclude Include="AtmoConfig.h">
      <Filter>Header_files\settings</Filter>
    </ClInclude>
    <ClInclude Include="AtmoDisplays.h">
      <Filter>Header_files\settings</Filter>
    </ClInclude>
    <ClInclude Include="AtmoDynData.h">
      <Filter>Header_files\settings</Filter>
    </ClInclude>
    <ClInclude Include="AtmoZoneDefinition.h">
      <Filter>Header_files\settings</Filter>
    </ClInclude>
    <ClInclude Include="Language.h">
      <Filter>Header_files\language</Filter>
    </ClInclude>
    <ClInclude Include="AtmoXMLConfig.h">
      <Filter>Header_files\settings</Filter>
    </ClInclude>
    <ClInclude Include="tinyxml.h">
      <Filter>Header_files\tinyxml</Filter>
    </ClInclude>
    <ClInclude Include="tinystr.h">
      <Filter>Header_files\tinyxml</Filter>
    </ClInclude>
    <ClInclude Include="ObjectModel.h">
      <Filter>Header_files\settings</Filter>
    </ClInclude>
    <ClInclude Include="AtmoDesktopDuplicationCaptureInput.h">
      <Filter>Header_files\pixelsources</Filter>
    </ClInclude>
    <ClInclude Include="AtmoDuinoV2Connection.h">
      <Filter>Header_files\devices</Filter>
    </ClInclude>
    <ClInclude Include="AtmoDuinoV2ConfigDialog.h">
      <Filter>Header_files\dialogs</Filter>
    </ClInclude>
  </ItemGroup>
  <ItemGroup>
    <None Include="AtmoWinA.ico">
      <Filter>Ressource_files</Filter>
    </None>
    <None Include="AtmoWinA.tlb">
      <Filter>Ressource_files</Filter>
    </None>
    <None Include="icon1.ico">
      <Filter>Ressource_files</Filter>
    </None>
    <None Include="small.ico">
      <Filter>Ressource_files</Filter>
    </None>
  </ItemGroup>
  <ItemGroup>
    <ResourceCompile Include="AtmoWinA.rc">
      <Filter>Ressource_files</Filter>
    </ResourceCompile>
    <ResourceCompile Include="AtmoWinTlb.rc">
      <Filter>Ressource_files</Filter>
    </ResourceCompile>
  </ItemGroup>
  <ItemGroup>
    <Manifest Include="AtmoWinA.exe.manifest" />
  </ItemGroup>
</Project>