<?xml version="1.0" encoding="utf-8"?>
<Project ToolsVersion="4.0" xmlns="http://schemas.microsoft.com/developer/msbuild/2003">
  <ItemGroup>
    <Filter Include="src">
      <UniqueIdentifier>{9f0ad3fc-f17c-42ca-a724-73a7f2248612}</UniqueIdentifier>
    </Filter>
    <Filter Include="inc">
      <UniqueIdentifier>{02c7bda5-411a-4159-85ad-96f6c6b45ad2}</UniqueIdentifier>
    </Filter>
    <Filter Include="Utilities">
      <UniqueIdentifier>{12e47889-bb39-4b0f-aa3e-045c41605cf2}</UniqueIdentifier>
    </Filter>
  </ItemGroup>
  <ItemGroup>
    <ClCompile Include="..\src\AttributeList.cpp">
      <Filter>src</Filter>
    </ClCompile>
    <ClCompile Include="..\src\CacheManager.cpp">
      <Filter>src</Filter>
    </ClCompile>
    <ClCompile Include="..\src\DynamicLibrary.cpp">
      <Filter>src</Filter>
    </ClCompile>
    <ClCompile Include="..\src\FactoryManager.cpp">
      <Filter>src</Filter>
    </ClCompile>
    <ClCompile Include="..\src\FileDataSource.cpp">
      <Filter>src</Filter>
    </ClCompile>
    <ClCompile Include="..\src\FrameworkAuditLog.cpp">
      <Filter>src</Filter>
    </ClCompile>
    <ClCompile Include="..\src\IntegrationBase.cpp">
      <Filter>src</Filter>
    </ClCompile>
    <ClCompile Include="..\src\IntegrationLanguages.cpp">
      <Filter>src</Filter>
    </ClCompile>
    <ClCompile Include="..\src\MemberDescriptor.cpp">
      <Filter>src</Filter>
    </ClCompile>
    <ClCompile Include="..\src\ObjQueryParameter.cpp">
      <Filter>src</Filter>
    </ClCompile>
    <ClCompile Include="..\src\ProcedureCall.cpp">
      <Filter>src</Filter>
    </ClCompile>
    <ClCompile Include="..\src\Schema.cpp">
      <Filter>src</Filter>
    </ClCompile>
    <ClCompile Include="..\src\SocketHTTPDataSource.cpp">
      <Filter>src</Filter>
    </ClCompile>
    <ClCompile Include="..\src\StackFrameCheck.cpp">
      <Filter>src</Filter>
    </ClCompile>
    <ClCompile Include="..\src\WinINetHTTPDataSource.cpp">
      <Filter>src</Filter>
    </ClCompile>
    <ClCompile Include="..\src\xmlAttribute.cpp">
      <Filter>src</Filter>
    </ClCompile>
    <ClCompile Include="..\src\xmlDataSource.cpp">
      <Filter>src</Filter>
    </ClCompile>
    <ClCompile Include="..\src\xmlElement.cpp">
      <Filter>src</Filter>
    </ClCompile>
    <ClCompile Include="..\src\xmlElementTree.cpp">
      <Filter>src</Filter>
    </ClCompile>
    <ClCompile Include="..\src\XMLException.cpp">
      <Filter>src</Filter>
    </ClCompile>
    <ClCompile Include="..\src\xmlLex.cpp">
      <Filter>src</Filter>
    </ClCompile>
    <ClCompile Include="..\src\xmlObject.cpp">
      <Filter>src</Filter>
    </ClCompile>
    <ClCompile Include="..\src\xmlObjectFactory.cpp">
      <Filter>src</Filter>
    </ClCompile>
    <ClCompile Include="..\src\XMLProcedureDescriptor.cpp">
      <Filter>src</Filter>
    </ClCompile>
    <ClCompile Include="..\src\Utils\Base64.cpp">
      <Filter>Utilities</Filter>
    </ClCompile>
    <ClCompile Include="..\src\Utils\BZip.cpp">
      <Filter>Utilities</Filter>
    </ClCompile>
    <ClCompile Include="..\src\Utils\GArray.cpp">
      <Filter>Utilities</Filter>
    </ClCompile>
    <ClCompile Include="..\src\Utils\GBTree.cpp">
      <Filter>Utilities</Filter>
    </ClCompile>
    <ClCompile Include="..\src\Utils\GDirectory.cpp">
      <Filter>Utilities</Filter>
    </ClCompile>
    <ClCompile Include="..\src\Utils\GException.cpp">
      <Filter>Utilities</Filter>
    </ClCompile>
    <ClCompile Include="..\src\Utils\GHash.cpp">
      <Filter>Utilities</Filter>
    </ClCompile>
    <ClCompile Include="..\src\Utils\GHTTPMultiPartPOST.cpp">
      <Filter>Utilities</Filter>
    </ClCompile>
    <ClCompile Include="..\src\Utils\GList.cpp">
      <Filter>Utilities</Filter>
    </ClCompile>
    <ClCompile Include="..\src\Utils\GMemory.cpp">
      <Filter>Utilities</Filter>
    </ClCompile>
    <ClCompile Include="..\src\Utils\GPerformanceTimer.cpp">
      <Filter>Utilities</Filter>
    </ClCompile>
    <ClCompile Include="..\src\Utils\GProfile.cpp">
      <Filter>Utilities</Filter>
    </ClCompile>
    <ClCompile Include="..\src\Utils\GSocketHelpers.cpp">
      <Filter>Utilities</Filter>
    </ClCompile>
    <ClCompile Include="..\src\Utils\GStack.cpp">
      <Filter>Utilities</Filter>
    </ClCompile>
    <ClCompile Include="..\src\Utils\GString.cpp">
      <Filter>Utilities</Filter>
    </ClCompile>
    <ClCompile Include="..\src\Utils\GStringList.cpp">
      <Filter>Utilities</Filter>
    </ClCompile>
    <ClCompile Include="..\src\Utils\GZip.cpp">
      <Filter>Utilities</Filter>
    </ClCompile>
    <ClCompile Include="..\src\Utils\PluginBuilderLowLevelStatic.cpp">
      <Filter>Utilities</Filter>
    </ClCompile>
    <ClCompile Include="..\src\Utils\SHA256.cpp">
      <Filter>Utilities</Filter>
    </ClCompile>
    <ClCompile Include="..\src\SwitchBoard.cpp">
      <Filter>Utilities</Filter>
    </ClCompile>
    <ClCompile Include="..\src\Utils\TwoFish.cpp">
      <Filter>Utilities</Filter>
    </ClCompile>
    <ClCompile Include="..\src\Utils\GThread.cpp">
      <Filter>Utilities</Filter>
    </ClCompile>
  </ItemGroup>
  <ItemGroup>
    <ClInclude Include="..\inc\AbstractionsGeneric.h">
      <Filter>inc</Filter>
    </ClInclude>
    <ClInclude Include="..\inc\AbstractionsMFC.h">
      <Filter>inc</Filter>
    </ClInclude>
    <ClInclude Include="..\inc\AbstractionsRougeWave.h">
      <Filter>inc</Filter>
    </ClInclude>
    <ClInclude Include="..\inc\AttributeList.h">
      <Filter>inc</Filter>
    </ClInclude>
    <ClInclude Include="..\inc\BaseInterface.h">
      <Filter>inc</Filter>
    </ClInclude>
    <ClInclude Include="..\inc\BOLRelation.h">
      <Filter>inc</Filter>
    </ClInclude>
    <ClInclude Include="..\inc\CacheManager.h">
      <Filter>inc</Filter>
    </ClInclude>
    <ClInclude Include="..\inc\DynamicLibrary.h">
      <Filter>inc</Filter>
    </ClInclude>
    <ClInclude Include="..\inc\DynamicXMLObject.h">
      <Filter>inc</Filter>
    </ClInclude>
    <ClInclude Include="..\inc\ExceptionHandler.h">
      <Filter>inc</Filter>
    </ClInclude>
    <ClInclude Include="..\inc\FactoryManager.h">
      <Filter>inc</Filter>
    </ClInclude>
    <ClInclude Include="..\inc\FileDataSource.h">
      <Filter>inc</Filter>
    </ClInclude>
    <ClInclude Include="..\inc\FrameworkAuditLog.h">
      <Filter>inc</Filter>
    </ClInclude>
    <ClInclude Include="..\inc\garray.h">
      <Filter>inc</Filter>
    </ClInclude>
    <ClInclude Include="..\inc\GBTree.h">
      <Filter>inc</Filter>
    </ClInclude>
    <ClInclude Include="..\inc\GDirectory.h">
      <Filter>inc</Filter>
    </ClInclude>
    <ClInclude Include="..\inc\GException.h">
      <Filter>inc</Filter>
    </ClInclude>
    <ClInclude Include="..\inc\GHash.h">
      <Filter>inc</Filter>
    </ClInclude>
    <ClInclude Include="..\inc\GHTTPMultiPartPOST.h">
      <Filter>inc</Filter>
    </ClInclude>
    <ClInclude Include="..\inc\GList.h">
      <Filter>inc</Filter>
    </ClInclude>
    <ClInclude Include="..\inc\GPerformanceTimer.h">
      <Filter>inc</Filter>
    </ClInclude>
    <ClInclude Include="..\inc\GProfile.h">
      <Filter>inc</Filter>
    </ClInclude>
    <ClInclude Include="..\inc\GSocketHelpers.h">
      <Filter>inc</Filter>
    </ClInclude>
    <ClInclude Include="..\inc\GStack.h">
      <Filter>inc</Filter>
    </ClInclude>
    <ClInclude Include="..\inc\GString.h">
      <Filter>inc</Filter>
    </ClInclude>
    <ClInclude Include="..\inc\GStringList.h">
      <Filter>inc</Filter>
    </ClInclude>
    <ClInclude Include="..\inc\GStringStack.h">
      <Filter>inc</Filter>
    </ClInclude>
    <ClInclude Include="..\inc\GZip.h">
      <Filter>inc</Filter>
    </ClInclude>
    <ClInclude Include="..\inc\IntegrationBase.h">
      <Filter>inc</Filter>
    </ClInclude>
    <ClInclude Include="..\inc\IntegrationLanguages.h">
      <Filter>inc</Filter>
    </ClInclude>
    <ClInclude Include="..\inc\ListAbstraction.h">
      <Filter>inc</Filter>
    </ClInclude>
    <ClInclude Include="..\inc\MemberDescriptor.h">
      <Filter>inc</Filter>
    </ClInclude>
    <ClInclude Include="..\inc\MemberHandler.h">
      <Filter>inc</Filter>
    </ClInclude>
    <ClInclude Include="..\inc\ObjCacheQuery.h">
      <Filter>inc</Filter>
    </ClInclude>
    <ClInclude Include="..\inc\ObjectDataHandler.h">
      <Filter>inc</Filter>
    </ClInclude>
    <ClInclude Include="..\inc\ObjectPointer.h">
      <Filter>inc</Filter>
    </ClInclude>
    <ClInclude Include="..\inc\ObjQuery.h">
      <Filter>inc</Filter>
    </ClInclude>
    <ClInclude Include="..\inc\ObjQueryParameter.h">
      <Filter>inc</Filter>
    </ClInclude>
    <ClInclude Include="..\inc\ObjResultSet.h">
      <Filter>inc</Filter>
    </ClInclude>
    <ClInclude Include="..\inc\PluginBuilder.h">
      <Filter>inc</Filter>
    </ClInclude>
    <ClInclude Include="..\inc\PluginBuilderLowLevelStatic.h">
      <Filter>inc</Filter>
    </ClInclude>
    <ClInclude Include="..\inc\ProcedureCall.h">
      <Filter>inc</Filter>
    </ClInclude>
    <ClInclude Include="..\inc\Win32\pthread.h">
      <Filter>inc</Filter>
    </ClInclude>
    <ClInclude Include="..\inc\RelationshipWrapper.h">
      <Filter>inc</Filter>
    </ClInclude>
    <ClInclude Include="..\inc\Schema.h">
      <Filter>inc</Filter>
    </ClInclude>
    <ClInclude Include="..\inc\sha256.h">
      <Filter>inc</Filter>
    </ClInclude>
    <ClInclude Include="..\inc\SocketHTTPDataSource.h">
      <Filter>inc</Filter>
    </ClInclude>
    <ClInclude Include="..\inc\StackFrameCheck.h">
      <Filter>inc</Filter>
    </ClInclude>
    <ClInclude Include="..\inc\StringAbstraction.h">
      <Filter>inc</Filter>
    </ClInclude>
    <ClInclude Include="..\inc\SwitchBoard.h">
      <Filter>inc</Filter>
    </ClInclude>
    <ClInclude Include="..\inc\TwoFish.h">
      <Filter>inc</Filter>
    </ClInclude>
    <ClInclude Include="..\inc\WinINetHTTPDataSource.h">
      <Filter>inc</Filter>
    </ClInclude>
    <ClInclude Include="..\inc\xmlAttribute.h">
      <Filter>inc</Filter>
    </ClInclude>
    <ClInclude Include="..\inc\xmlDataSource.h">
      <Filter>inc</Filter>
    </ClInclude>
    <ClInclude Include="..\inc\xmlDefines.h">
      <Filter>inc</Filter>
    </ClInclude>
    <ClInclude Include="..\inc\xmlElement.h">
      <Filter>inc</Filter>
    </ClInclude>
    <ClInclude Include="..\inc\xmlElementTree.h">
      <Filter>inc</Filter>
    </ClInclude>
    <ClInclude Include="..\inc\xmlException.h">
      <Filter>inc</Filter>
    </ClInclude>
    <ClInclude Include="..\inc\xmlLex.h">
      <Filter>inc</Filter>
    </ClInclude>
    <ClInclude Include="..\inc\xmlObject.h">
      <Filter>inc</Filter>
    </ClInclude>
    <ClInclude Include="..\inc\xmlObjectFactory.h">
      <Filter>inc</Filter>
    </ClInclude>
    <ClInclude Include="..\inc\xmlObjectFramework.h">
      <Filter>inc</Filter>
    </ClInclude>
    <ClInclude Include="..\inc\XMLObjectLoader.h">
      <Filter>inc</Filter>
    </ClInclude>
    <ClInclude Include="..\inc\XMLProcedureDescriptor.h">
      <Filter>inc</Filter>
    </ClInclude>
    <ClInclude Include="..\inc\GlobalInclude.h" />
    <ClInclude Include="..\inc\GThread.h">
      <Filter>inc</Filter>
    </ClInclude>
  </ItemGroup>
</Project>